
Microsoft Visual Studio Solution File, Format Version 12.00
Project("{FAE04EC0-301F-11D3-BF4B-00C04F79EFBC}") = "Short Long Short", "Short Long Short\Short Long Short.csproj", "{086E5011-5F80-4153-B5E2-FEC127C3F7DD}"
EndProject
Global
	GlobalSection(SolutionConfigurationPlatforms) = preSolution
		Debug|Any CPU = Debug|Any CPU
		Release|Any CPU = Release|Any CPU
	EndGlobalSection
	GlobalSection(ProjectConfigurationPlatforms) = postSolution
		{086E5011-5F80-4153-B5E2-FEC127C3F7DD}.Debug|Any CPU.ActiveCfg = Debug|Any CPU
		{086E5011-5F80-4153-B5E2-FEC127C3F7DD}.Debug|Any CPU.Build.0 = Debug|Any CPU
		{086E5011-5F80-4153-B5E2-FEC127C3F7DD}.Release|Any CPU.ActiveCfg = Release|Any CPU
		{086E5011-5F80-4153-B5E2-FEC127C3F7DD}.Release|Any CPU.Build.0 = Release|Any CPU
	EndGlobalSection
EndGlobal
